// !$*UTF8*$!
{
	archiveVersion = 1;
	classes = {
	};
	objectVersion = 46;
	objects = {

/* Begin PBXBuildFile section */
		ABAAAA481D77B9FA005725BA /* main.m in Sources */ = {isa = PBXBuildFile; fileRef = ABAAAA471D77B9FA005725BA /* main.m */; };
		ABAAAA531D77B9FA005725BA /* Assets.xcassets in Resources */ = {isa = PBXBuildFile; fileRef = ABAAAA521D77B9FA005725BA /* Assets.xcassets */; };
		ABAAAA561D77B9FA005725BA /* LaunchScreen.storyboard in Resources */ = {isa = PBXBuildFile; fileRef = ABAAAA541D77B9FA005725BA /* LaunchScreen.storyboard */; };
		ABAAAA611D77B9FA005725BA /* JBFuncSummartTests.m in Sources */ = {isa = PBXBuildFile; fileRef = ABAAAA601D77B9FA005725BA /* JBFuncSummartTests.m */; };
		ABAAAA6C1D77B9FA005725BA /* JBFuncSummartUITests.m in Sources */ = {isa = PBXBuildFile; fileRef = ABAAAA6B1D77B9FA005725BA /* JBFuncSummartUITests.m */; };
		ABAAAAB81D77C3EE005725BA /* AppDelegate.m in Sources */ = {isa = PBXBuildFile; fileRef = ABAAAAB21D77C3EE005725BA /* AppDelegate.m */; };
		D9D57A628A3F624122B8916B /* libPods-JBFuncSummart.a in Frameworks */ = {isa = PBXBuildFile; fileRef = 1FF71A267F3E0F23B31C042E /* libPods-JBFuncSummart.a */; };
/* End PBXBuildFile section */

/* Begin PBXContainerItemProxy section */
		ABAAAA5D1D77B9FA005725BA /* PBXContainerItemProxy */ = {
			isa = PBXContainerItemProxy;
			containerPortal = ABAAAA3B1D77B9FA005725BA /* Project object */;
			proxyType = 1;
			remoteGlobalIDString = ABAAAA421D77B9FA005725BA;
			remoteInfo = JBFuncSummart;
		};
		ABAAAA681D77B9FA005725BA /* PBXContainerItemProxy */ = {
			isa = PBXContainerItemProxy;
			containerPortal = ABAAAA3B1D77B9FA005725BA /* Project object */;
			proxyType = 1;
			remoteGlobalIDString = ABAAAA421D77B9FA005725BA;
			remoteInfo = JBFuncSummart;
		};
/* End PBXContainerItemProxy section */

/* Begin PBXFileReference section */
		0F37B115FD533557461A5987 /* Pods-JBFuncSummart.debug.xcconfig */ = {isa = PBXFileReference; includeInIndex = 1; lastKnownFileType = text.xcconfig; name = "Pods-JBFuncSummart.debug.xcconfig"; path = "Pods/Target Support Files/Pods-JBFuncSummart/Pods-JBFuncSummart.debug.xcconfig"; sourceTree = "<group>"; };
		1FF71A267F3E0F23B31C042E /* libPods-JBFuncSummart.a */ = {isa = PBXFileReference; explicitFileType = archive.ar; includeInIndex = 0; path = "libPods-JBFuncSummart.a"; sourceTree = BUILT_PRODUCTS_DIR; };
		2DD332FEE9083C6BA4E3E71C /* Pods-JBFuncSummart.release.xcconfig */ = {isa = PBXFileReference; includeInIndex = 1; lastKnownFileType = text.xcconfig; name = "Pods-JBFuncSummart.release.xcconfig"; path = "Pods/Target Support Files/Pods-JBFuncSummart/Pods-JBFuncSummart.release.xcconfig"; sourceTree = "<group>"; };
		ABAAAA431D77B9FA005725BA /* JBFuncSummart.app */ = {isa = PBXFileReference; explicitFileType = wrapper.application; includeInIndex = 0; path = JBFuncSummart.app; sourceTree = BUILT_PRODUCTS_DIR; };
		ABAAAA471D77B9FA005725BA /* main.m */ = {isa = PBXFileReference; lastKnownFileType = sourcecode.c.objc; path = main.m; sourceTree = "<group>"; };
		ABAAAA521D77B9FA005725BA /* Assets.xcassets */ = {isa = PBXFileReference; lastKnownFileType = folder.assetcatalog; path = Assets.xcassets; sourceTree = "<group>"; };
		ABAAAA551D77B9FA005725BA /* Base */ = {isa = PBXFileReference; lastKnownFileType = file.storyboard; name = Base; path = Base.lproj/LaunchScreen.storyboard; sourceTree = "<group>"; };
		ABAAAA571D77B9FA005725BA /* Info.plist */ = {isa = PBXFileReference; lastKnownFileType = text.plist.xml; path = Info.plist; sourceTree = "<group>"; };
		ABAAAA5C1D77B9FA005725BA /* JBFuncSummartTests.xctest */ = {isa = PBXFileReference; explicitFileType = wrapper.cfbundle; includeInIndex = 0; path = JBFuncSummartTests.xctest; sourceTree = BUILT_PRODUCTS_DIR; };
		ABAAAA601D77B9FA005725BA /* JBFuncSummartTests.m */ = {isa = PBXFileReference; lastKnownFileType = sourcecode.c.objc; path = JBFuncSummartTests.m; sourceTree = "<group>"; };
		ABAAAA621D77B9FA005725BA /* Info.plist */ = {isa = PBXFileReference; lastKnownFileType = text.plist.xml; path = Info.plist; sourceTree = "<group>"; };
		ABAAAA671D77B9FA005725BA /* JBFuncSummartUITests.xctest */ = {isa = PBXFileReference; explicitFileType = wrapper.cfbundle; includeInIndex = 0; path = JBFuncSummartUITests.xctest; sourceTree = BUILT_PRODUCTS_DIR; };
		ABAAAA6B1D77B9FA005725BA /* JBFuncSummartUITests.m */ = {isa = PBXFileReference; lastKnownFileType = sourcecode.c.objc; path = JBFuncSummartUITests.m; sourceTree = "<group>"; };
		ABAAAA6D1D77B9FA005725BA /* Info.plist */ = {isa = PBXFileReference; lastKnownFileType = text.plist.xml; path = Info.plist; sourceTree = "<group>"; };
		ABAAAAB11D77C3EE005725BA /* AppDelegate.h */ = {isa = PBXFileReference; fileEncoding = 4; lastKnownFileType = sourcecode.c.h; path = AppDelegate.h; sourceTree = "<group>"; };
		ABAAAAB21D77C3EE005725BA /* AppDelegate.m */ = {isa = PBXFileReference; fileEncoding = 4; lastKnownFileType = sourcecode.c.objc; path = AppDelegate.m; sourceTree = "<group>"; };
/* End PBXFileReference section */

/* Begin PBXFrameworksBuildPhase section */
		ABAAAA401D77B9FA005725BA /* Frameworks */ = {
			isa = PBXFrameworksBuildPhase;
			buildActionMask = 2147483647;
			files = (
				D9D57A628A3F624122B8916B /* libPods-JBFuncSummart.a in Frameworks */,
			);
			runOnlyForDeploymentPostprocessing = 0;
		};
		ABAAAA591D77B9FA005725BA /* Frameworks */ = {
			isa = PBXFrameworksBuildPhase;
			buildActionMask = 2147483647;
			files = (
			);
			runOnlyForDeploymentPostprocessing = 0;
		};
		ABAAAA641D77B9FA005725BA /* Frameworks */ = {
			isa = PBXFrameworksBuildPhase;
			buildActionMask = 2147483647;
			files = (
			);
			runOnlyForDeploymentPostprocessing = 0;
		};
/* End PBXFrameworksBuildPhase section */

/* Begin PBXGroup section */
		5D30E9422244B65721AA47B9 /* Pods */ = {
			isa = PBXGroup;
			children = (
				0F37B115FD533557461A5987 /* Pods-JBFuncSummart.debug.xcconfig */,
				2DD332FEE9083C6BA4E3E71C /* Pods-JBFuncSummart.release.xcconfig */,
			);
			name = Pods;
			sourceTree = "<group>";
		};
		ABAAAA3A1D77B9FA005725BA = {
			isa = PBXGroup;
			children = (
				ABAAAA451D77B9FA005725BA /* JBFuncSummart */,
				ABAAAA5F1D77B9FA005725BA /* JBFuncSummartTests */,
				ABAAAA6A1D77B9FA005725BA /* JBFuncSummartUITests */,
				ABAAAA441D77B9FA005725BA /* Products */,
				5D30E9422244B65721AA47B9 /* Pods */,
				B12867274D9C123ECB3CB4E4 /* Frameworks */,
			);
			sourceTree = "<group>";
		};
		ABAAAA441D77B9FA005725BA /* Products */ = {
			isa = PBXGroup;
			children = (
				ABAAAA431D77B9FA005725BA /* JBFuncSummart.app */,
				ABAAAA5C1D77B9FA005725BA /* JBFuncSummartTests.xctest */,
				ABAAAA671D77B9FA005725BA /* JBFuncSummartUITests.xctest */,
			);
			name = Products;
			sourceTree = "<group>";
		};
		ABAAAA451D77B9FA005725BA /* JBFuncSummart */ = {
			isa = PBXGroup;
			children = (
				ABAAAA801D77C3EE005725BA /* Main */,
				ABAAAA791D77C3EE005725BA /* Expand(拓展) */,
				ABAAAAAF1D77C3EE005725BA /* Resource */,
				ABAAAAB71D77C3EE005725BA /* Vender */,
				ABAAAA521D77B9FA005725BA /* Assets.xcassets */,
				ABAAAA541D77B9FA005725BA /* LaunchScreen.storyboard */,
				ABAAAA571D77B9FA005725BA /* Info.plist */,
				ABAAAA461D77B9FA005725BA /* Supporting Files */,
			);
			path = JBFuncSummart;
			sourceTree = "<group>";
		};
		ABAAAA461D77B9FA005725BA /* Supporting Files */ = {
			isa = PBXGroup;
			children = (
				ABAAAA471D77B9FA005725BA /* main.m */,
			);
			name = "Supporting Files";
			sourceTree = "<group>";
		};
		ABAAAA5F1D77B9FA005725BA /* JBFuncSummartTests */ = {
			isa = PBXGroup;
			children = (
				ABAAAA601D77B9FA005725BA /* JBFuncSummartTests.m */,
				ABAAAA621D77B9FA005725BA /* Info.plist */,
			);
			path = JBFuncSummartTests;
			sourceTree = "<group>";
		};
		ABAAAA6A1D77B9FA005725BA /* JBFuncSummartUITests */ = {
			isa = PBXGroup;
			children = (
				ABAAAA6B1D77B9FA005725BA /* JBFuncSummartUITests.m */,
				ABAAAA6D1D77B9FA005725BA /* Info.plist */,
			);
			path = JBFuncSummartUITests;
			sourceTree = "<group>";
		};
		ABAAAA791D77C3EE005725BA /* Expand(拓展) */ = {
			isa = PBXGroup;
			children = (
				ABAAAA7A1D77C3EE005725BA /* Category */,
				ABAAAA7B1D77C3EE005725BA /* Const */,
				ABAAAA7C1D77C3EE005725BA /* Controls */,
				ABAAAA7D1D77C3EE005725BA /* Macros */,
				ABAAAA7E1D77C3EE005725BA /* Network */,
				ABAAAA7F1D77C3EE005725BA /* Tool */,
			);
			path = "Expand(拓展)";
			sourceTree = "<group>";
		};
		ABAAAA7A1D77C3EE005725BA /* Category */ = {
			isa = PBXGroup;
			children = (
			);
			path = Category;
			sourceTree = "<group>";
		};
		ABAAAA7B1D77C3EE005725BA /* Const */ = {
			isa = PBXGroup;
			children = (
			);
			path = Const;
			sourceTree = "<group>";
		};
		ABAAAA7C1D77C3EE005725BA /* Controls */ = {
			isa = PBXGroup;
			children = (
			);
			path = Controls;
			sourceTree = "<group>";
		};
		ABAAAA7D1D77C3EE005725BA /* Macros */ = {
			isa = PBXGroup;
			children = (
			);
			path = Macros;
			sourceTree = "<group>";
		};
		ABAAAA7E1D77C3EE005725BA /* Network */ = {
			isa = PBXGroup;
			children = (
			);
			path = Network;
			sourceTree = "<group>";
		};
		ABAAAA7F1D77C3EE005725BA /* Tool */ = {
			isa = PBXGroup;
			children = (
			);
			path = Tool;
			sourceTree = "<group>";
		};
		ABAAAA801D77C3EE005725BA /* Main */ = {
			isa = PBXGroup;
			children = (
				ABAAAA811D77C3EE005725BA /* Base */,
				ABAAAA871D77C3EE005725BA /* Home */,
				ABAAAA8F1D77C3EE005725BA /* Logger */,
				ABAAAA971D77C3EE005725BA /* Login */,
				ABAAAA9F1D77C3EE005725BA /* Preview */,
				ABAAAAA71D77C3EE005725BA /* Public */,
			);
			path = Main;
			sourceTree = "<group>";
		};
		ABAAAA811D77C3EE005725BA /* Base */ = {
			isa = PBXGroup;
			children = (
				ABAAAA821D77C3EE005725BA /* BaseController */,
				ABAAAA831D77C3EE005725BA /* BaseModel */,
				ABAAAA841D77C3EE005725BA /* BaseOther */,
				ABAAAA851D77C3EE005725BA /* BaseService */,
				ABAAAA861D77C3EE005725BA /* BaseView */,
			);
			path = Base;
			sourceTree = "<group>";
		};
		ABAAAA821D77C3EE005725BA /* BaseController */ = {
			isa = PBXGroup;
			children = (
			);
			path = BaseController;
			sourceTree = "<group>";
		};
		ABAAAA831D77C3EE005725BA /* BaseModel */ = {
			isa = PBXGroup;
			children = (
			);
			path = BaseModel;
			sourceTree = "<group>";
		};
		ABAAAA841D77C3EE005725BA /* BaseOther */ = {
			isa = PBXGroup;
			children = (
			);
			path = BaseOther;
			sourceTree = "<group>";
		};
		ABAAAA851D77C3EE005725BA /* BaseService */ = {
			isa = PBXGroup;
			children = (
			);
			path = BaseService;
			sourceTree = "<group>";
		};
		ABAAAA861D77C3EE005725BA /* BaseView */ = {
			isa = PBXGroup;
			children = (
			);
			path = BaseView;
			sourceTree = "<group>";
		};
		ABAAAA871D77C3EE005725BA /* Home */ = {
			isa = PBXGroup;
			children = (
				ABAAAA881D77C3EE005725BA /* Controller */,
				ABAAAA891D77C3EE005725BA /* Model */,
				ABAAAA8A1D77C3EE005725BA /* Other */,
				ABAAAA8B1D77C3EE005725BA /* Service */,
				ABAAAA8C1D77C3EE005725BA /* View */,
			);
			path = Home;
			sourceTree = "<group>";
		};
		ABAAAA881D77C3EE005725BA /* Controller */ = {
			isa = PBXGroup;
			children = (
			);
			path = Controller;
			sourceTree = "<group>";
		};
		ABAAAA891D77C3EE005725BA /* Model */ = {
			isa = PBXGroup;
			children = (
			);
			path = Model;
			sourceTree = "<group>";
		};
		ABAAAA8A1D77C3EE005725BA /* Other */ = {
			isa = PBXGroup;
			children = (
			);
			path = Other;
			sourceTree = "<group>";
		};
		ABAAAA8B1D77C3EE005725BA /* Service */ = {
			isa = PBXGroup;
			children = (
			);
			path = Service;
			sourceTree = "<group>";
		};
		ABAAAA8C1D77C3EE005725BA /* View */ = {
			isa = PBXGroup;
			children = (
				ABAAAA8D1D77C3EE005725BA /* Cell */,
				ABAAAA8E1D77C3EE005725BA /* CustomView */,
			);
			path = View;
			sourceTree = "<group>";
		};
		ABAAAA8D1D77C3EE005725BA /* Cell */ = {
			isa = PBXGroup;
			children = (
			);
			path = Cell;
			sourceTree = "<group>";
		};
		ABAAAA8E1D77C3EE005725BA /* CustomView */ = {
			isa = PBXGroup;
			children = (
			);
			path = CustomView;
			sourceTree = "<group>";
		};
		ABAAAA8F1D77C3EE005725BA /* Logger */ = {
			isa = PBXGroup;
			children = (
				ABAAAA901D77C3EE005725BA /* Controller */,
				ABAAAA911D77C3EE005725BA /* Model */,
				ABAAAA921D77C3EE005725BA /* Other */,
				ABAAAA931D77C3EE005725BA /* Service */,
				ABAAAA941D77C3EE005725BA /* View */,
			);
			path = Logger;
			sourceTree = "<group>";
		};
		ABAAAA901D77C3EE005725BA /* Controller */ = {
			isa = PBXGroup;
			children = (
			);
			path = Controller;
			sourceTree = "<group>";
		};
		ABAAAA911D77C3EE005725BA /* Model */ = {
			isa = PBXGroup;
			children = (
			);
			path = Model;
			sourceTree = "<group>";
		};
		ABAAAA921D77C3EE005725BA /* Other */ = {
			isa = PBXGroup;
			children = (
			);
			path = Other;
			sourceTree = "<group>";
		};
		ABAAAA931D77C3EE005725BA /* Service */ = {
			isa = PBXGroup;
			children = (
			);
			path = Service;
			sourceTree = "<group>";
		};
		ABAAAA941D77C3EE005725BA /* View */ = {
			isa = PBXGroup;
			children = (
				ABAAAA951D77C3EE005725BA /* Cell */,
				ABAAAA961D77C3EE005725BA /* CustomView */,
			);
			path = View;
			sourceTree = "<group>";
		};
		ABAAAA951D77C3EE005725BA /* Cell */ = {
			isa = PBXGroup;
			children = (
			);
			path = Cell;
			sourceTree = "<group>";
		};
		ABAAAA961D77C3EE005725BA /* CustomView */ = {
			isa = PBXGroup;
			children = (
			);
			path = CustomView;
			sourceTree = "<group>";
		};
		ABAAAA971D77C3EE005725BA /* Login */ = {
			isa = PBXGroup;
			children = (
				ABAAAA981D77C3EE005725BA /* Controller */,
				ABAAAA991D77C3EE005725BA /* Model */,
				ABAAAA9A1D77C3EE005725BA /* Other */,
				ABAAAA9B1D77C3EE005725BA /* Service */,
				ABAAAA9C1D77C3EE005725BA /* View */,
			);
			path = Login;
			sourceTree = "<group>";
		};
		ABAAAA981D77C3EE005725BA /* Controller */ = {
			isa = PBXGroup;
			children = (
			);
			path = Controller;
			sourceTree = "<group>";
		};
		ABAAAA991D77C3EE005725BA /* Model */ = {
			isa = PBXGroup;
			children = (
			);
			path = Model;
			sourceTree = "<group>";
		};
		ABAAAA9A1D77C3EE005725BA /* Other */ = {
			isa = PBXGroup;
			children = (
			);
			path = Other;
			sourceTree = "<group>";
		};
		ABAAAA9B1D77C3EE005725BA /* Service */ = {
			isa = PBXGroup;
			children = (
			);
			path = Service;
			sourceTree = "<group>";
		};
		ABAAAA9C1D77C3EE005725BA /* View */ = {
			isa = PBXGroup;
			children = (
				ABAAAA9D1D77C3EE005725BA /* Cell */,
				ABAAAA9E1D77C3EE005725BA /* CustomView */,
			);
			path = View;
			sourceTree = "<group>";
		};
		ABAAAA9D1D77C3EE005725BA /* Cell */ = {
			isa = PBXGroup;
			children = (
			);
			path = Cell;
			sourceTree = "<group>";
		};
		ABAAAA9E1D77C3EE005725BA /* CustomView */ = {
			isa = PBXGroup;
			children = (
			);
			path = CustomView;
			sourceTree = "<group>";
		};
		ABAAAA9F1D77C3EE005725BA /* Preview */ = {
			isa = PBXGroup;
			children = (
				ABAAAAA01D77C3EE005725BA /* Controller */,
				ABAAAAA11D77C3EE005725BA /* Model */,
				ABAAAAA21D77C3EE005725BA /* Other */,
				ABAAAAA31D77C3EE005725BA /* Service */,
				ABAAAAA41D77C3EE005725BA /* View */,
			);
			path = Preview;
			sourceTree = "<group>";
		};
		ABAAAAA01D77C3EE005725BA /* Controller */ = {
			isa = PBXGroup;
			children = (
			);
			path = Controller;
			sourceTree = "<group>";
		};
		ABAAAAA11D77C3EE005725BA /* Model */ = {
			isa = PBXGroup;
			children = (
			);
			path = Model;
			sourceTree = "<group>";
		};
		ABAAAAA21D77C3EE005725BA /* Other */ = {
			isa = PBXGroup;
			children = (
			);
			path = Other;
			sourceTree = "<group>";
		};
		ABAAAAA31D77C3EE005725BA /* Service */ = {
			isa = PBXGroup;
			children = (
			);
			path = Service;
			sourceTree = "<group>";
		};
		ABAAAAA41D77C3EE005725BA /* View */ = {
			isa = PBXGroup;
			children = (
				ABAAAAA51D77C3EE005725BA /* Cell */,
				ABAAAAA61D77C3EE005725BA /* CustomView */,
			);
			path = View;
			sourceTree = "<group>";
		};
		ABAAAAA51D77C3EE005725BA /* Cell */ = {
			isa = PBXGroup;
			children = (
			);
			path = Cell;
			sourceTree = "<group>";
		};
		ABAAAAA61D77C3EE005725BA /* CustomView */ = {
			isa = PBXGroup;
			children = (
			);
			path = CustomView;
			sourceTree = "<group>";
		};
		ABAAAAA71D77C3EE005725BA /* Public */ = {
			isa = PBXGroup;
			children = (
				ABAAAAA81D77C3EE005725BA /* Controller */,
				ABAAAAA91D77C3EE005725BA /* Model */,
				ABAAAAAA1D77C3EE005725BA /* Other */,
				ABAAAAAB1D77C3EE005725BA /* Service */,
				ABAAAAAC1D77C3EE005725BA /* View */,
			);
			path = Public;
			sourceTree = "<group>";
		};
		ABAAAAA81D77C3EE005725BA /* Controller */ = {
			isa = PBXGroup;
			children = (
			);
			path = Controller;
			sourceTree = "<group>";
		};
		ABAAAAA91D77C3EE005725BA /* Model */ = {
			isa = PBXGroup;
			children = (
			);
			path = Model;
			sourceTree = "<group>";
		};
		ABAAAAAA1D77C3EE005725BA /* Other */ = {
			isa = PBXGroup;
			children = (
			);
			path = Other;
			sourceTree = "<group>";
		};
		ABAAAAAB1D77C3EE005725BA /* Service */ = {
			isa = PBXGroup;
			children = (
			);
			path = Service;
			sourceTree = "<group>";
		};
		ABAAAAAC1D77C3EE005725BA /* View */ = {
			isa = PBXGroup;
			children = (
				ABAAAAAD1D77C3EE005725BA /* Cell */,
				ABAAAAAE1D77C3EE005725BA /* CustomView */,
			);
			path = View;
			sourceTree = "<group>";
		};
		ABAAAAAD1D77C3EE005725BA /* Cell */ = {
			isa = PBXGroup;
			children = (
			);
			path = Cell;
			sourceTree = "<group>";
		};
		ABAAAAAE1D77C3EE005725BA /* CustomView */ = {
			isa = PBXGroup;
			children = (
			);
			path = CustomView;
			sourceTree = "<group>";
		};
		ABAAAAAF1D77C3EE005725BA /* Resource */ = {
			isa = PBXGroup;
			children = (
				ABAAAAB01D77C3EE005725BA /* AppDelegate */,
				ABAAAAB31D77C3EE005725BA /* Global */,
				ABAAAAB41D77C3EE005725BA /* Image */,
				ABAAAAB51D77C3EE005725BA /* JSHtmlCss */,
				ABAAAAB61D77C3EE005725BA /* Plist */,
			);
			path = Resource;
			sourceTree = "<group>";
		};
		ABAAAAB01D77C3EE005725BA /* AppDelegate */ = {
			isa = PBXGroup;
			children = (
				ABAAAAB11D77C3EE005725BA /* AppDelegate.h */,
				ABAAAAB21D77C3EE005725BA /* AppDelegate.m */,
			);
			path = AppDelegate;
			sourceTree = "<group>";
		};
		ABAAAAB31D77C3EE005725BA /* Global */ = {
			isa = PBXGroup;
			children = (
			);
			path = Global;
			sourceTree = "<group>";
		};
		ABAAAAB41D77C3EE005725BA /* Image */ = {
			isa = PBXGroup;
			children = (
			);
			path = Image;
			sourceTree = "<group>";
		};
		ABAAAAB51D77C3EE005725BA /* JSHtmlCss */ = {
			isa = PBXGroup;
			children = (
			);
			path = JSHtmlCss;
			sourceTree = "<group>";
		};
		ABAAAAB61D77C3EE005725BA /* Plist */ = {
			isa = PBXGroup;
			children = (
			);
			path = Plist;
			sourceTree = "<group>";
		};
		ABAAAAB71D77C3EE005725BA /* Vender */ = {
			isa = PBXGroup;
			children = (
			);
			path = Vender;
			sourceTree = "<group>";
		};
		B12867274D9C123ECB3CB4E4 /* Frameworks */ = {
			isa = PBXGroup;
			children = (
				1FF71A267F3E0F23B31C042E /* libPods-JBFuncSummart.a */,
			);
			name = Frameworks;
			sourceTree = "<group>";
		};
/* End PBXGroup section */

/* Begin PBXNativeTarget section */
		ABAAAA421D77B9FA005725BA /* JBFuncSummart */ = {
			isa = PBXNativeTarget;
			buildConfigurationList = ABAAAA701D77B9FA005725BA /* Build configuration list for PBXNativeTarget "JBFuncSummart" */;
			buildPhases = (
				7C951F38EA199839DBE77D3C /* [CP] Check Pods Manifest.lock */,
				ABAAAA3F1D77B9FA005725BA /* Sources */,
				ABAAAA401D77B9FA005725BA /* Frameworks */,
				ABAAAA411D77B9FA005725BA /* Resources */,
				F1EC496AAD6DAC1CDA36EE24 /* [CP] Embed Pods Frameworks */,
				3358B86C8A0E80459B6018E0 /* [CP] Copy Pods Resources */,
			);
			buildRules = (
			);
			dependencies = (
			);
			name = JBFuncSummart;
			productName = JBFuncSummart;
			productReference = ABAAAA431D77B9FA005725BA /* JBFuncSummart.app */;
			productType = "com.apple.product-type.application";
		};
		ABAAAA5B1D77B9FA005725BA /* JBFuncSummartTests */ = {
			isa = PBXNativeTarget;
			buildConfigurationList = ABAAAA731D77B9FA005725BA /* Build configuration list for PBXNativeTarget "JBFuncSummartTests" */;
			buildPhases = (
				ABAAAA581D77B9FA005725BA /* Sources */,
				ABAAAA591D77B9FA005725BA /* Frameworks */,
				ABAAAA5A1D77B9FA005725BA /* Resources */,
			);
			buildRules = (
			);
			dependencies = (
				ABAAAA5E1D77B9FA005725BA /* PBXTargetDependency */,
			);
			name = JBFuncSummartTests;
			productName = JBFuncSummartTests;
			productReference = ABAAAA5C1D77B9FA005725BA /* JBFuncSummartTests.xctest */;
			productType = "com.apple.product-type.bundle.unit-test";
		};
		ABAAAA661D77B9FA005725BA /* JBFuncSummartUITests */ = {
			isa = PBXNativeTarget;
			buildConfigurationList = ABAAAA761D77B9FA005725BA /* Build configuration list for PBXNativeTarget "JBFuncSummartUITests" */;
			buildPhases = (
				ABAAAA631D77B9FA005725BA /* Sources */,
				ABAAAA641D77B9FA005725BA /* Frameworks */,
				ABAAAA651D77B9FA005725BA /* Resources */,
			);
			buildRules = (
			);
			dependencies = (
				ABAAAA691D77B9FA005725BA /* PBXTargetDependency */,
			);
			name = JBFuncSummartUITests;
			productName = JBFuncSummartUITests;
			productReference = ABAAAA671D77B9FA005725BA /* JBFuncSummartUITests.xctest */;
			productType = "com.apple.product-type.bundle.ui-testing";
		};
/* End PBXNativeTarget section */

/* Begin PBXProject section */
		ABAAAA3B1D77B9FA005725BA /* Project object */ = {
			isa = PBXProject;
			attributes = {
				LastUpgradeCheck = 0730;
				ORGANIZATIONNAME = baiyinxiao;
				TargetAttributes = {
					ABAAAA421D77B9FA005725BA = {
						CreatedOnToolsVersion = 7.3.1;
					};
					ABAAAA5B1D77B9FA005725BA = {
						CreatedOnToolsVersion = 7.3.1;
						TestTargetID = ABAAAA421D77B9FA005725BA;
					};
					ABAAAA661D77B9FA005725BA = {
						CreatedOnToolsVersion = 7.3.1;
						TestTargetID = ABAAAA421D77B9FA005725BA;
					};
				};
			};
			buildConfigurationList = ABAAAA3E1D77B9FA005725BA /* Build configuration list for PBXProject "JBFuncSummart" */;
			compatibilityVersion = "Xcode 3.2";
			developmentRegion = English;
			hasScannedForEncodings = 0;
			knownRegions = (
				en,
				Base,
			);
			mainGroup = ABAAAA3A1D77B9FA005725BA;
			productRefGroup = ABAAAA441D77B9FA005725BA /* Products */;
			projectDirPath = "";
			projectRoot = "";
			targets = (
				ABAAAA421D77B9FA005725BA /* JBFuncSummart */,
				ABAAAA5B1D77B9FA005725BA /* JBFuncSummartTests */,
				ABAAAA661D77B9FA005725BA /* JBFuncSummartUITests */,
			);
		};
/* End PBXProject section */

/* Begin PBXResourcesBuildPhase section */
		ABAAAA411D77B9FA005725BA /* Resources */ = {
			isa = PBXResourcesBuildPhase;
			buildActionMask = 2147483647;
			files = (
				ABAAAA561D77B9FA005725BA /* LaunchScreen.storyboard in Resources */,
				ABAAAA531D77B9FA005725BA /* Assets.xcassets in Resources */,
			);
			runOnlyForDeploymentPostprocessing = 0;
		};
		ABAAAA5A1D77B9FA005725BA /* Resources */ = {
			isa = PBXResourcesBuildPhase;
			buildActionMask = 2147483647;
			files = (
			);
			runOnlyForDeploymentPostprocessing = 0;
		};
		ABAAAA651D77B9FA005725BA /* Resources */ = {
			isa = PBXResourcesBuildPhase;
			buildActionMask = 2147483647;
			files = (
			);
			runOnlyForDeploymentPostprocessing = 0;
		};
/* End PBXResourcesBuildPhase section */

/* Begin PBXShellScriptBuildPhase section */
		3358B86C8A0E80459B6018E0 /* [CP] Copy Pods Resources */ = {
			isa = PBXShellScriptBuildPhase;
			buildActionMask = 2147483647;
			files = (
			);
			inputPaths = (
			);
			name = "[CP] Copy Pods Resources";
			outputPaths = (
			);
			runOnlyForDeploymentPostprocessing = 0;
			shellPath = /bin/sh;
			shellScript = "\"${SRCROOT}/Pods/Target Support Files/Pods-JBFuncSummart/Pods-JBFuncSummart-resources.sh\"\n";
			showEnvVarsInLog = 0;
		};
		7C951F38EA199839DBE77D3C /* [CP] Check Pods Manifest.lock */ = {
			isa = PBXShellScriptBuildPhase;
			buildActionMask = 2147483647;
			files = (
			);
			inputPaths = (
			);
			name = "[CP] Check Pods Manifest.lock";
			outputPaths = (
			);
			runOnlyForDeploymentPostprocessing = 0;
			shellPath = /bin/sh;
			shellScript = "diff \"${PODS_ROOT}/../Podfile.lock\" \"${PODS_ROOT}/Manifest.lock\" > /dev/null\nif [[ $? != 0 ]] ; then\n    cat << EOM\nerror: The sandbox is not in sync with the Podfile.lock. Run 'pod install' or update your CocoaPods installation.\nEOM\n    exit 1\nfi\n";
			showEnvVarsInLog = 0;
		};
		F1EC496AAD6DAC1CDA36EE24 /* [CP] Embed Pods Frameworks */ = {
			isa = PBXShellScriptBuildPhase;
			buildActionMask = 2147483647;
			files = (
			);
			inputPaths = (
			);
			name = "[CP] Embed Pods Frameworks";
			outputPaths = (
			);
			runOnlyForDeploymentPostprocessing = 0;
			shellPath = /bin/sh;
			shellScript = "\"${SRCROOT}/Pods/Target Support Files/Pods-JBFuncSummart/Pods-JBFuncSummart-frameworks.sh\"\n";
			showEnvVarsInLog = 0;
		};
/* End PBXShellScriptBuildPhase section */

/* Begin PBXSourcesBuildPhase section */
		ABAAAA3F1D77B9FA005725BA /* Sources */ = {
			isa = PBXSourcesBuildPhase;
			buildActionMask = 2147483647;
			files = (
				ABAAAAB81D77C3EE005725BA /* AppDelegate.m in Sources */,
				ABAAAA481D77B9FA005725BA /* main.m in Sources */,
			);
			runOnlyForDeploymentPostprocessing = 0;
		};
		ABAAAA581D77B9FA005725BA /* Sources */ = {
			isa = PBXSourcesBuildPhase;
			buildActionMask = 2147483647;
			files = (
				ABAAAA611D77B9FA005725BA /* JBFuncSummartTests.m in Sources */,
			);
			runOnlyForDeploymentPostprocessing = 0;
		};
		ABAAAA631D77B9FA005725BA /* Sources */ = {
			isa = PBXSourcesBuildPhase;
			buildActionMask = 2147483647;
			files = (
				ABAAAA6C1D77B9FA005725BA /* JBFuncSummartUITests.m in Sources */,
			);
			runOnlyForDeploymentPostprocessing = 0;
		};
/* End PBXSourcesBuildPhase section */

/* Begin PBXTargetDependency section */
		ABAAAA5E1D77B9FA005725BA /* PBXTargetDependency */ = {
			isa = PBXTargetDependency;
			target = ABAAAA421D77B9FA005725BA /* JBFuncSummart */;
			targetProxy = ABAAAA5D1D77B9FA005725BA /* PBXContainerItemProxy */;
		};
		ABAAAA691D77B9FA005725BA /* PBXTargetDependency */ = {
			isa = PBXTargetDependency;
			target = ABAAAA421D77B9FA005725BA /* JBFuncSummart */;
			targetProxy = ABAAAA681D77B9FA005725BA /* PBXContainerItemProxy */;
		};
/* End PBXTargetDependency section */

/* Begin PBXVariantGroup section */
		ABAAAA541D77B9FA005725BA /* LaunchScreen.storyboard */ = {
			isa = PBXVariantGroup;
			children = (
				ABAAAA551D77B9FA005725BA /* Base */,
			);
			name = LaunchScreen.storyboard;
			sourceTree = "<group>";
		};
/* End PBXVariantGroup section */

/* Begin XCBuildConfiguration section */
		ABAAAA6E1D77B9FA005725BA /* Debug */ = {
			isa = XCBuildConfiguration;
			buildSettings = {
				ALWAYS_SEARCH_USER_PATHS = NO;
				CLANG_ANALYZER_NONNULL = YES;
				CLANG_CXX_LANGUAGE_STANDARD = "gnu++0x";
				CLANG_CXX_LIBRARY = "libc++";
				CLANG_ENABLE_MODULES = YES;
				CLANG_ENABLE_OBJC_ARC = YES;
				CLANG_WARN_BOOL_CONVERSION = YES;
				CLANG_WARN_CONSTANT_CONVERSION = YES;
				CLANG_WARN_DIRECT_OBJC_ISA_USAGE = YES_ERROR;
				CLANG_WARN_EMPTY_BODY = YES;
				CLANG_WARN_ENUM_CONVERSION = YES;
				CLANG_WARN_INT_CONVERSION = YES;
				CLANG_WARN_OBJC_ROOT_CLASS = YES_ERROR;
				CLANG_WARN_UNREACHABLE_CODE = YES;
				CLANG_WARN__DUPLICATE_METHOD_MATCH = YES;
				"CODE_SIGN_IDENTITY[sdk=iphoneos*]" = "iPhone Developer";
				COPY_PHASE_STRIP = NO;
				DEBUG_INFORMATION_FORMAT = dwarf;
				ENABLE_STRICT_OBJC_MSGSEND = YES;
				ENABLE_TESTABILITY = YES;
				GCC_C_LANGUAGE_STANDARD = gnu99;
				GCC_DYNAMIC_NO_PIC = NO;
				GCC_NO_COMMON_BLOCKS = YES;
				GCC_OPTIMIZATION_LEVEL = 0;
				GCC_PREPROCESSOR_DEFINITIONS = (
					"DEBUG=1",
					"$(inherited)",
				);
				GCC_WARN_64_TO_32_BIT_CONVERSION = YES;
				GCC_WARN_ABOUT_RETURN_TYPE = YES_ERROR;
				GCC_WARN_UNDECLARED_SELECTOR = YES;
				GCC_WARN_UNINITIALIZED_AUTOS = YES_AGGRESSIVE;
				GCC_WARN_UNUSED_FUNCTION = YES;
				GCC_WARN_UNUSED_VARIABLE = YES;
				IPHONEOS_DEPLOYMENT_TARGET = 9.3;
				MTL_ENABLE_DEBUG_INFO = YES;
				ONLY_ACTIVE_ARCH = YES;
				SDKROOT = iphoneos;
			};
			name = Debug;
		};
		ABAAAA6F1D77B9FA005725BA /* Release */ = {
			isa = XCBuildConfiguration;
			buildSettings = {
				ALWAYS_SEARCH_USER_PATHS = NO;
				CLANG_ANALYZER_NONNULL = YES;
				CLANG_CXX_LANGUAGE_STANDARD = "gnu++0x";
				CLANG_CXX_LIBRARY = "libc++";
				CLANG_ENABLE_MODULES = YES;
				CLANG_ENABLE_OBJC_ARC = YES;
				CLANG_WARN_BOOL_CONVERSION = YES;
				CLANG_WARN_CONSTANT_CONVERSION = YES;
				CLANG_WARN_DIRECT_OBJC_ISA_USAGE = YES_ERROR;
				CLANG_WARN_EMPTY_BODY = YES;
				CLANG_WARN_ENUM_CONVERSION = YES;
				CLANG_WARN_INT_CONVERSION = YES;
				CLANG_WARN_OBJC_ROOT_CLASS = YES_ERROR;
				CLANG_WARN_UNREACHABLE_CODE = YES;
				CLANG_WARN__DUPLICATE_METHOD_MATCH = YES;
				"CODE_SIGN_IDENTITY[sdk=iphoneos*]" = "iPhone Developer";
				COPY_PHASE_STRIP = NO;
				DEBUG_INFORMATION_FORMAT = "dwarf-with-dsym";
				ENABLE_NS_ASSERTIONS = NO;
				ENABLE_STRICT_OBJC_MSGSEND = YES;
				GCC_C_LANGUAGE_STANDARD = gnu99;
				GCC_NO_COMMON_BLOCKS = YES;
				GCC_WARN_64_TO_32_BIT_CONVERSION = YES;
				GCC_WARN_ABOUT_RETURN_TYPE = YES_ERROR;
				GCC_WARN_UNDECLARED_SELECTOR = YES;
				GCC_WARN_UNINITIALIZED_AUTOS = YES_AGGRESSIVE;
				GCC_WARN_UNUSED_FUNCTION = YES;
				GCC_WARN_UNUSED_VARIABLE = YES;
				IPHONEOS_DEPLOYMENT_TARGET = 9.3;
				MTL_ENABLE_DEBUG_INFO = NO;
				SDKROOT = iphoneos;
				VALIDATE_PRODUCT = YES;
			};
			name = Release;
		};
		ABAAAA711D77B9FA005725BA /* Debug */ = {
			isa = XCBuildConfiguration;
			baseConfigurationReference = 0F37B115FD533557461A5987 /* Pods-JBFuncSummart.debug.xcconfig */;
			buildSettings = {
				ASSETCATALOG_COMPILER_APPICON_NAME = AppIcon;
				INFOPLIST_FILE = JBFuncSummart/Info.plist;
				LD_RUNPATH_SEARCH_PATHS = "$(inherited) @executable_path/Frameworks";
				PRODUCT_BUNDLE_IDENTIFIER = com.saifing.JBFuncSummart;
				PRODUCT_NAME = "$(TARGET_NAME)";
			};
			name = Debug;
		};
		ABAAAA721D77B9FA005725BA /* Release */ = {
			isa = XCBuildConfiguration;
			baseConfigurationReference = 2DD332FEE9083C6BA4E3E71C /* Pods-JBFuncSummart.release.xcconfig */;
			buildSettings = {
				ASSETCATALOG_COMPILER_APPICON_NAME = AppIcon;
				INFOPLIST_FILE = JBFuncSummart/Info.plist;
				LD_RUNPATH_SEARCH_PATHS = "$(inherited) @executable_path/Frameworks";
				PRODUCT_BUNDLE_IDENTIFIER = com.saifing.JBFuncSummart;
				PRODUCT_NAME = "$(TARGET_NAME)";
			};
			name = Release;
		};
		ABAAAA741D77B9FA005725BA /* Debug */ = {
			isa = XCBuildConfiguration;
			buildSettings = {
				BUNDLE_LOADER = "$(TEST_HOST)";
				INFOPLIST_FILE = JBFuncSummartTests/Info.plist;
				LD_RUNPATH_SEARCH_PATHS = "$(inherited) @executable_path/Frameworks @loader_path/Frameworks";
				PRODUCT_BUNDLE_IDENTIFIER = com.saifing.JBFuncSummartTests;
				PRODUCT_NAME = "$(TARGET_NAME)";
				TEST_HOST = "$(BUILT_PRODUCTS_DIR)/JBFuncSummart.app/JBFuncSummart";
			};
			name = Debug;
		};
		ABAAAA751D77B9FA005725BA /* Release */ = {
			isa = XCBuildConfiguration;
			buildSettings = {
				BUNDLE_LOADER = "$(TEST_HOST)";
				INFOPLIST_FILE = JBFuncSummartTests/Info.plist;
				LD_RUNPATH_SEARCH_PATHS = "$(inherited) @executable_path/Frameworks @loader_path/Frameworks";
				PRODUCT_BUNDLE_IDENTIFIER = com.saifing.JBFuncSummartTests;
				PRODUCT_NAME = "$(TARGET_NAME)";
				TEST_HOST = "$(BUILT_PRODUCTS_DIR)/JBFuncSummart.app/JBFuncSummart";
			};
			name = Release;
		};
		ABAAAA771D77B9FA005725BA /* Debug */ = {
			isa = XCBuildConfiguration;
			buildSettings = {
				INFOPLIST_FILE = JBFuncSummartUITests/Info.plist;
				LD_RUNPATH_SEARCH_PATHS = "$(inherited) @executable_path/Frameworks @loader_path/Frameworks";
				PRODUCT_BUNDLE_IDENTIFIER = com.saifing.JBFuncSummartUITests;
				PRODUCT_NAME = "$(TARGET_NAME)";
				TEST_TARGET_NAME = JBFuncSummart;
			};
			name = Debug;
		};
		ABAAAA781D77B9FA005725BA /* Release */ = {
			isa = XCBuildConfiguration;
			buildSettings = {
				INFOPLIST_FILE = JBFuncSummartUITests/Info.plist;
				LD_RUNPATH_SEARCH_PATHS = "$(inherited) @executable_path/Frameworks @loader_path/Frameworks";
				PRODUCT_BUNDLE_IDENTIFIER = com.saifing.JBFuncSummartUITests;
				PRODUCT_NAME = "$(TARGET_NAME)";
				TEST_TARGET_NAME = JBFuncSummart;
			};
			name = Release;
		};
/* End XCBuildConfiguration section */

/* Begin XCConfigurationList section */
		ABAAAA3E1D77B9FA005725BA /* Build configuration list for PBXProject "JBFuncSummart" */ = {
			isa = XCConfigurationList;
			buildConfigurations = (
				ABAAAA6E1D77B9FA005725BA /* Debug */,
				ABAAAA6F1D77B9FA005725BA /* Release */,
			);
			defaultConfigurationIsVisible = 0;
			defaultConfigurationName = Release;
		};
		ABAAAA701D77B9FA005725BA /* Build configuration list for PBXNativeTarget "JBFuncSummart" */ = {
			isa = XCConfigurationList;
			buildConfigurations = (
				ABAAAA711D77B9FA005725BA /* Debug */,
				ABAAAA721D77B9FA005725BA /* Release */,
			);
			defaultConfigurationIsVisible = 0;
			defaultConfigurationName = Release;
		};
		ABAAAA731D77B9FA005725BA /* Build configuration list for PBXNativeTarget "JBFuncSummartTests" */ = {
			isa = XCConfigurationList;
			buildConfigurations = (
				ABAAAA741D77B9FA005725BA /* Debug */,
				ABAAAA751D77B9FA005725BA /* Release */,
			);
			defaultConfigurationIsVisible = 0;
			defaultConfigurationName = Release;
		};
		ABAAAA761D77B9FA005725BA /* Build configuration list for PBXNativeTarget "JBFuncSummartUITests" */ = {
			isa = XCConfigurationList;
			buildConfigurations = (
				ABAAAA771D77B9FA005725BA /* Debug */,
				ABAAAA781D77B9FA005725BA /* Release */,
			);
			defaultConfigurationIsVisible = 0;
			defaultConfigurationName = Release;
		};
/* End XCConfigurationList section */
	};
	rootObject = ABAAAA3B1D77B9FA005725BA /* Project object */;
}
